
Microsoft Visual Studio Solution File, Format Version 12.00
# Visual Studio Version 17
VisualStudioVersion = 17.10.35027.167
MinimumVisualStudioVersion = 10.0.40219.1
Project("{FAE04EC0-301F-11D3-BF4B-00C04F79EFBC}") = "CodeFirstBasicApi", "CodeFirstBasicApi\CodeFirstBasicApi.csproj", "{DA328B4B-51E1-4B21-A7A6-34DB591E49DF}"
EndProject
Global
	GlobalSection(SolutionConfigurationPlatforms) = preSolution
		Debug|Any CPU = Debug|Any CPU
		Release|Any CPU = Release|Any CPU
	EndGlobalSection
	GlobalSection(ProjectConfigurationPlatforms) = postSolution
		{DA328B4B-51E1-4B21-A7A6-34DB591E49DF}.Debug|Any CPU.ActiveCfg = Debug|Any CPU
		{DA328B4B-51E1-4B21-A7A6-34DB591E49DF}.Debug|Any CPU.Build.0 = Debug|Any CPU
		{DA328B4B-51E1-4B21-A7A6-34DB591E49DF}.Release|Any CPU.ActiveCfg = Release|Any CPU
		{DA328B4B-51E1-4B21-A7A6-34DB591E49DF}.Release|Any CPU.Build.0 = Release|Any CPU
	EndGlobalSection
	GlobalSection(SolutionProperties) = preSolution
		HideSolutionNode = FALSE
	EndGlobalSection
	GlobalSection(ExtensibilityGlobals) = postSolution
		SolutionGuid = {22F1DD80-95A3-43D1-86EE-CACE50A8C372}
	EndGlobalSection
EndGlobal
